
Microsoft Visual Studio Solution File, Format Version 12.00
# Visual Studio Version 16
VisualStudioVersion = 16.0.30011.22
MinimumVisualStudioVersion = 10.0.40219.1
Project("{FAE04EC0-301F-11D3-BF4B-00C04F79EFBC}") = "MalVirDetector_CLI_API", "MalVirDetector_CLI_API\MalVirDetector_CLI_API.csproj", "{FC9E10C2-DD8D-4F8E-A670-CD208CF91B87}"
EndProject
Project("{E24C65DC-7377-472B-9ABA-BC803B73C61A}") = "MalVirDetector_CLI_Web", "MalVirDetector_CLI_Web\", "{F751A832-A0C6-4245-848A-BABF529A4A34}"
	ProjectSection(WebsiteProperties) = preProject
		TargetFrameworkMoniker = ".NETFramework,Version%3Dv4.0"
		Debug.AspNetCompiler.VirtualPath = "/localhost_58424"
		Debug.AspNetCompiler.PhysicalPath = "MalVirDetector_CLI_Web\"
		Debug.AspNetCompiler.TargetPath = "PrecompiledWeb\localhost_58424\"
		Debug.AspNetCompiler.Updateable = "true"
		Debug.AspNetCompiler.ForceOverwrite = "true"
		Debug.AspNetCompiler.FixedNames = "false"
		Debug.AspNetCompiler.Debug = "True"
		Release.AspNetCompiler.VirtualPath = "/localhost_58424"
		Release.AspNetCompiler.PhysicalPath = "MalVirDetector_CLI_Web\"
		Release.AspNetCompiler.TargetPath = "PrecompiledWeb\localhost_58424\"
		Release.AspNetCompiler.Updateable = "true"
		Release.AspNetCompiler.ForceOverwrite = "true"
		Release.AspNetCompiler.FixedNames = "false"
		Release.AspNetCompiler.Debug = "False"
		VWDPort = "58424"
		SlnRelativePath = "MalVirDetector_CLI_Web\"
	EndProjectSection
EndProject
Global
	GlobalSection(SolutionConfigurationPlatforms) = preSolution
		Debug|Any CPU = Debug|Any CPU
		Release|Any CPU = Release|Any CPU
	EndGlobalSection
	GlobalSection(ProjectConfigurationPlatforms) = postSolution
		{F751A832-A0C6-4245-848A-BABF529A4A34}.Debug|Any CPU.ActiveCfg = Debug|Any CPU
		{F751A832-A0C6-4245-848A-BABF529A4A34}.Release|Any CPU.ActiveCfg = Debug|Any CPU
		{F751A832-A0C6-4245-848A-BABF529A4A34}.Release|Any CPU.Build.0 = Debug|Any CPU
		{FC9E10C2-DD8D-4F8E-A670-CD208CF91B87}.Debug|Any CPU.ActiveCfg = Debug|Any CPU
		{FC9E10C2-DD8D-4F8E-A670-CD208CF91B87}.Debug|Any CPU.Build.0 = Debug|Any CPU
		{FC9E10C2-DD8D-4F8E-A670-CD208CF91B87}.Release|Any CPU.ActiveCfg = Release|Any CPU
		{FC9E10C2-DD8D-4F8E-A670-CD208CF91B87}.Release|Any CPU.Build.0 = Release|Any CPU
	EndGlobalSection
	GlobalSection(SolutionProperties) = preSolution
		HideSolutionNode = FALSE
	EndGlobalSection
	GlobalSection(ExtensibilityGlobals) = postSolution
		SolutionGuid = {866EFBF7-3A58-49B1-A138-D07A56647BE9}
	EndGlobalSection
EndGlobal
